
Microsoft Visual Studio Solution File, Format Version 12.00
# Visual Studio Version 16
VisualStudioVersion = 16.0.29926.136
MinimumVisualStudioVersion = 10.0.40219.1
Project("{9A19103F-16F7-4668-BE54-9A1E7A4F7556}") = "BookStore", "BookStore.csproj", "{132D4F0E-5F8F-4E3F-A932-3BAA2DFE5CE8}"
EndProject
Project("{9A19103F-16F7-4668-BE54-9A1E7A4F7556}") = "BookStore.EFModels", "..\BookStore.EFModels\BookStore.EFModels.csproj", "{65E42084-BC07-4C66-86F3-4AA1566F2C79}"
EndProject
Project("{FAE04EC0-301F-11D3-BF4B-00C04F79EFBC}") = "BookStore.DAL", "..\BookStore.DAL\BookStore.DAL.csproj", "{BCBD1432-5181-476A-8D65-D552C4F49BB6}"
EndProject
Project("{FAE04EC0-301F-11D3-BF4B-00C04F79EFBC}") = "BookStore.Models", "..\BookStore.Models\BookStore.Models.csproj", "{E78AC405-6574-4B83-B727-86D2EBC7228F}"
EndProject
Project("{FAE04EC0-301F-11D3-BF4B-00C04F79EFBC}") = "BookStore.Interface", "..\BookStore.Interface\BookStore.Interface.csproj", "{C00DE20A-7998-4A67-8244-1B16725FF3B5}"
EndProject
Global
	GlobalSection(SolutionConfigurationPlatforms) = preSolution
		Debug|Any CPU = Debug|Any CPU
		Release|Any CPU = Release|Any CPU
	EndGlobalSection
	GlobalSection(ProjectConfigurationPlatforms) = postSolution
		{132D4F0E-5F8F-4E3F-A932-3BAA2DFE5CE8}.Debug|Any CPU.ActiveCfg = Debug|Any CPU
		{132D4F0E-5F8F-4E3F-A932-3BAA2DFE5CE8}.Debug|Any CPU.Build.0 = Debug|Any CPU
		{132D4F0E-5F8F-4E3F-A932-3BAA2DFE5CE8}.Release|Any CPU.ActiveCfg = Release|Any CPU
		{132D4F0E-5F8F-4E3F-A932-3BAA2DFE5CE8}.Release|Any CPU.Build.0 = Release|Any CPU
		{65E42084-BC07-4C66-86F3-4AA1566F2C79}.Debug|Any CPU.ActiveCfg = Debug|Any CPU
		{65E42084-BC07-4C66-86F3-4AA1566F2C79}.Debug|Any CPU.Build.0 = Debug|Any CPU
		{65E42084-BC07-4C66-86F3-4AA1566F2C79}.Release|Any CPU.ActiveCfg = Release|Any CPU
		{65E42084-BC07-4C66-86F3-4AA1566F2C79}.Release|Any CPU.Build.0 = Release|Any CPU
		{BCBD1432-5181-476A-8D65-D552C4F49BB6}.Debug|Any CPU.ActiveCfg = Debug|Any CPU
		{BCBD1432-5181-476A-8D65-D552C4F49BB6}.Debug|Any CPU.Build.0 = Debug|Any CPU
		{BCBD1432-5181-476A-8D65-D552C4F49BB6}.Release|Any CPU.ActiveCfg = Release|Any CPU
		{BCBD1432-5181-476A-8D65-D552C4F49BB6}.Release|Any CPU.Build.0 = Release|Any CPU
		{E78AC405-6574-4B83-B727-86D2EBC7228F}.Debug|Any CPU.ActiveCfg = Debug|Any CPU
		{E78AC405-6574-4B83-B727-86D2EBC7228F}.Debug|Any CPU.Build.0 = Debug|Any CPU
		{E78AC405-6574-4B83-B727-86D2EBC7228F}.Release|Any CPU.ActiveCfg = Release|Any CPU
		{E78AC405-6574-4B83-B727-86D2EBC7228F}.Release|Any CPU.Build.0 = Release|Any CPU
		{C00DE20A-7998-4A67-8244-1B16725FF3B5}.Debug|Any CPU.ActiveCfg = Debug|Any CPU
		{C00DE20A-7998-4A67-8244-1B16725FF3B5}.Debug|Any CPU.Build.0 = Debug|Any CPU
		{C00DE20A-7998-4A67-8244-1B16725FF3B5}.Release|Any CPU.ActiveCfg = Release|Any CPU
		{C00DE20A-7998-4A67-8244-1B16725FF3B5}.Release|Any CPU.Build.0 = Release|Any CPU
	EndGlobalSection
	GlobalSection(SolutionProperties) = preSolution
		HideSolutionNode = FALSE
	EndGlobalSection
	GlobalSection(ExtensibilityGlobals) = postSolution
		SolutionGuid = {D3FFF43F-1168-487D-90B3-8FAF1F2FE5A5}
	EndGlobalSection
EndGlobal
